
Microsoft Visual Studio Solution File, Format Version 12.00
# Visual Studio 15
VisualStudioVersion = 15.0.27004.2008
MinimumVisualStudioVersion = 10.0.40219.1
Project("{FAE04EC0-301F-11D3-BF4B-00C04F79EFBC}") = "exercise4", "exercise4\exercise4.csproj", "{4AA22A94-AA70-42D2-94E5-A7C0F3910B25}"
EndProject
Global
	GlobalSection(SolutionConfigurationPlatforms) = preSolution
		Debug|Any CPU = Debug|Any CPU
		Release|Any CPU = Release|Any CPU
	EndGlobalSection
	GlobalSection(ProjectConfigurationPlatforms) = postSolution
		{4AA22A94-AA70-42D2-94E5-A7C0F3910B25}.Debug|Any CPU.ActiveCfg = Debug|Any CPU
		{4AA22A94-AA70-42D2-94E5-A7C0F3910B25}.Debug|Any CPU.Build.0 = Debug|Any CPU
		{4AA22A94-AA70-42D2-94E5-A7C0F3910B25}.Release|Any CPU.ActiveCfg = Release|Any CPU
		{4AA22A94-AA70-42D2-94E5-A7C0F3910B25}.Release|Any CPU.Build.0 = Release|Any CPU
	EndGlobalSection
	GlobalSection(SolutionProperties) = preSolution
		HideSolutionNode = FALSE
	EndGlobalSection
	GlobalSection(ExtensibilityGlobals) = postSolution
		SolutionGuid = {92830EFB-5E7C-4F29-B351-E7A0BE6D0B09}
	EndGlobalSection
EndGlobal
